
Microsoft Visual Studio Solution File, Format Version 12.00
# Visual Studio 14
VisualStudioVersion = 14.0.24720.0
MinimumVisualStudioVersion = 10.0.40219.1
Project("{FAE04EC0-301F-11D3-BF4B-00C04F79EFBC}") = "Artisan", "Artisan\Artisan.csproj", "{994F5585-1215-46CA-A7D1-FB3806BDA4C0}"
EndProject
Project("{FAE04EC0-301F-11D3-BF4B-00C04F79EFBC}") = "Edi.UWP.Helpers", "Edi.UWP.Helpers\Edi.UWP.Helpers.csproj", "{F6F738E0-792F-42D2-AAB1-B92FEDCEFEEA}"
EndProject
Global
	GlobalSection(SolutionConfigurationPlatforms) = preSolution
		Debug|Any CPU = Debug|Any CPU
		Debug|ARM = Debug|ARM
		Debug|x64 = Debug|x64
		Debug|x86 = Debug|x86
		Release|Any CPU = Release|Any CPU
		Release|ARM = Release|ARM
		Release|x64 = Release|x64
		Release|x86 = Release|x86
	EndGlobalSection
	GlobalSection(ProjectConfigurationPlatforms) = postSolution
		{994F5585-1215-46CA-A7D1-FB3806BDA4C0}.Debug|Any CPU.ActiveCfg = Debug|x86
		{994F5585-1215-46CA-A7D1-FB3806BDA4C0}.Debug|ARM.ActiveCfg = Debug|ARM
		{994F5585-1215-46CA-A7D1-FB3806BDA4C0}.Debug|ARM.Build.0 = Debug|ARM
		{994F5585-1215-46CA-A7D1-FB3806BDA4C0}.Debug|ARM.Deploy.0 = Debug|ARM
		{994F5585-1215-46CA-A7D1-FB3806BDA4C0}.Debug|x64.ActiveCfg = Debug|x64
		{994F5585-1215-46CA-A7D1-FB3806BDA4C0}.Debug|x64.Build.0 = Debug|x64
		{994F5585-1215-46CA-A7D1-FB3806BDA4C0}.Debug|x64.Deploy.0 = Debug|x64
		{994F5585-1215-46CA-A7D1-FB3806BDA4C0}.Debug|x86.ActiveCfg = Debug|x86
		{994F5585-1215-46CA-A7D1-FB3806BDA4C0}.Debug|x86.Build.0 = Debug|x86
		{994F5585-1215-46CA-A7D1-FB3806BDA4C0}.Debug|x86.Deploy.0 = Debug|x86
		{994F5585-1215-46CA-A7D1-FB3806BDA4C0}.Release|Any CPU.ActiveCfg = Release|x86
		{994F5585-1215-46CA-A7D1-FB3806BDA4C0}.Release|ARM.ActiveCfg = Release|ARM
		{994F5585-1215-46CA-A7D1-FB3806BDA4C0}.Release|ARM.Build.0 = Release|ARM
		{994F5585-1215-46CA-A7D1-FB3806BDA4C0}.Release|ARM.Deploy.0 = Release|ARM
		{994F5585-1215-46CA-A7D1-FB3806BDA4C0}.Release|x64.ActiveCfg = Release|x64
		{994F5585-1215-46CA-A7D1-FB3806BDA4C0}.Release|x64.Build.0 = Release|x64
		{994F5585-1215-46CA-A7D1-FB3806BDA4C0}.Release|x64.Deploy.0 = Release|x64
		{994F5585-1215-46CA-A7D1-FB3806BDA4C0}.Release|x86.ActiveCfg = Release|x86
		{994F5585-1215-46CA-A7D1-FB3806BDA4C0}.Release|x86.Build.0 = Release|x86
		{994F5585-1215-46CA-A7D1-FB3806BDA4C0}.Release|x86.Deploy.0 = Release|x86
		{F6F738E0-792F-42D2-AAB1-B92FEDCEFEEA}.Debug|Any CPU.ActiveCfg = Debug|Any CPU
		{F6F738E0-792F-42D2-AAB1-B92FEDCEFEEA}.Debug|Any CPU.Build.0 = Debug|Any CPU
		{F6F738E0-792F-42D2-AAB1-B92FEDCEFEEA}.Debug|ARM.ActiveCfg = Debug|ARM
		{F6F738E0-792F-42D2-AAB1-B92FEDCEFEEA}.Debug|ARM.Build.0 = Debug|ARM
		{F6F738E0-792F-42D2-AAB1-B92FEDCEFEEA}.Debug|x64.ActiveCfg = Debug|x64
		{F6F738E0-792F-42D2-AAB1-B92FEDCEFEEA}.Debug|x64.Build.0 = Debug|x64
		{F6F738E0-792F-42D2-AAB1-B92FEDCEFEEA}.Debug|x86.ActiveCfg = Debug|x86
		{F6F738E0-792F-42D2-AAB1-B92FEDCEFEEA}.Debug|x86.Build.0 = Debug|x86
		{F6F738E0-792F-42D2-AAB1-B92FEDCEFEEA}.Release|Any CPU.ActiveCfg = Release|Any CPU
		{F6F738E0-792F-42D2-AAB1-B92FEDCEFEEA}.Release|Any CPU.Build.0 = Release|Any CPU
		{F6F738E0-792F-42D2-AAB1-B92FEDCEFEEA}.Release|ARM.ActiveCfg = Release|ARM
		{F6F738E0-792F-42D2-AAB1-B92FEDCEFEEA}.Release|ARM.Build.0 = Release|ARM
		{F6F738E0-792F-42D2-AAB1-B92FEDCEFEEA}.Release|x64.ActiveCfg = Release|x64
		{F6F738E0-792F-42D2-AAB1-B92FEDCEFEEA}.Release|x64.Build.0 = Release|x64
		{F6F738E0-792F-42D2-AAB1-B92FEDCEFEEA}.Release|x86.ActiveCfg = Release|x86
		{F6F738E0-792F-42D2-AAB1-B92FEDCEFEEA}.Release|x86.Build.0 = Release|x86
	EndGlobalSection
	GlobalSection(SolutionProperties) = preSolution
		HideSolutionNode = FALSE
	EndGlobalSection
EndGlobal
